
Microsoft Visual Studio Solution File, Format Version 12.00
# Visual Studio Version 17
VisualStudioVersion = 17.3.32922.545
MinimumVisualStudioVersion = 10.0.40219.1
Project("{FAE04EC0-301F-11D3-BF4B-00C04F79EFBC}") = "ZooApi", "ZooApi\ZooApi.csproj", "{EB962C50-BDA4-4C69-90AA-E0407F86E5E8}"
EndProject
Global
	GlobalSection(SolutionConfigurationPlatforms) = preSolution
		Debug|Any CPU = Debug|Any CPU
		Release|Any CPU = Release|Any CPU
	EndGlobalSection
	GlobalSection(ProjectConfigurationPlatforms) = postSolution
		{EB962C50-BDA4-4C69-90AA-E0407F86E5E8}.Debug|Any CPU.ActiveCfg = Debug|Any CPU
		{EB962C50-BDA4-4C69-90AA-E0407F86E5E8}.Debug|Any CPU.Build.0 = Debug|Any CPU
		{EB962C50-BDA4-4C69-90AA-E0407F86E5E8}.Release|Any CPU.ActiveCfg = Release|Any CPU
		{EB962C50-BDA4-4C69-90AA-E0407F86E5E8}.Release|Any CPU.Build.0 = Release|Any CPU
	EndGlobalSection
	GlobalSection(SolutionProperties) = preSolution
		HideSolutionNode = FALSE
	EndGlobalSection
	GlobalSection(ExtensibilityGlobals) = postSolution
		SolutionGuid = {02BDF840-5565-49F5-9BB9-AAF18873DC4A}
	EndGlobalSection
EndGlobal
